
Microsoft Visual Studio Solution File, Format Version 12.00
# Visual Studio 15
VisualStudioVersion = 15.0.28307.168
MinimumVisualStudioVersion = 10.0.40219.1
Project("{FAE04EC0-301F-11D3-BF4B-00C04F79EFBC}") = "SnipsNLU.Interop", "SnipsNLU.Interop\SnipsNLU.Interop.csproj", "{B9B87D6B-A0F3-4C88-8A4A-57E29019DBEC}"
EndProject
Global
	GlobalSection(SolutionConfigurationPlatforms) = preSolution
		Debug|Any CPU = Debug|Any CPU
		Release|Any CPU = Release|Any CPU
	EndGlobalSection
	GlobalSection(ProjectConfigurationPlatforms) = postSolution
		{B9B87D6B-A0F3-4C88-8A4A-57E29019DBEC}.Debug|Any CPU.ActiveCfg = Debug|Any CPU
		{B9B87D6B-A0F3-4C88-8A4A-57E29019DBEC}.Debug|Any CPU.Build.0 = Debug|Any CPU
		{B9B87D6B-A0F3-4C88-8A4A-57E29019DBEC}.Release|Any CPU.ActiveCfg = Release|Any CPU
		{B9B87D6B-A0F3-4C88-8A4A-57E29019DBEC}.Release|Any CPU.Build.0 = Release|Any CPU
	EndGlobalSection
	GlobalSection(SolutionProperties) = preSolution
		HideSolutionNode = FALSE
	EndGlobalSection
	GlobalSection(ExtensibilityGlobals) = postSolution
		SolutionGuid = {05F4CCF5-D60C-4405-AA91-554E7C080EC4}
	EndGlobalSection
EndGlobal
